
Microsoft Visual Studio Solution File, Format Version 12.00
# Visual Studio 15
VisualStudioVersion = 15.0.28010.2046
MinimumVisualStudioVersion = 10.0.40219.1
Project("{FAE04EC0-301F-11D3-BF4B-00C04F79EFBC}") = "Lab23", "Lab23\Lab23.csproj", "{034ADA29-A234-43FB-A27A-F9489BC38466}"
EndProject
Global
	GlobalSection(SolutionConfigurationPlatforms) = preSolution
		Debug|Any CPU = Debug|Any CPU
		Release|Any CPU = Release|Any CPU
	EndGlobalSection
	GlobalSection(ProjectConfigurationPlatforms) = postSolution
		{034ADA29-A234-43FB-A27A-F9489BC38466}.Debug|Any CPU.ActiveCfg = Debug|Any CPU
		{034ADA29-A234-43FB-A27A-F9489BC38466}.Debug|Any CPU.Build.0 = Debug|Any CPU
		{034ADA29-A234-43FB-A27A-F9489BC38466}.Release|Any CPU.ActiveCfg = Release|Any CPU
		{034ADA29-A234-43FB-A27A-F9489BC38466}.Release|Any CPU.Build.0 = Release|Any CPU
	EndGlobalSection
	GlobalSection(SolutionProperties) = preSolution
		HideSolutionNode = FALSE
	EndGlobalSection
	GlobalSection(ExtensibilityGlobals) = postSolution
		SolutionGuid = {D0C6AB32-0EA5-4507-84B6-87F954A28AC0}
	EndGlobalSection
EndGlobal
